
Microsoft Visual Studio Solution File, Format Version 12.00
# Visual Studio 2012
Project("{8BC9CEB8-8B4A-11D0-8D11-00A0C91BC942}") = "VFS", "VFS\VFS.vcxproj", "{92803B03-6347-45C4-9633-21172FAB6074}"
EndProject
Project("{8BC9CEB8-8B4A-11D0-8D11-00A0C91BC942}") = "DiskFileCreateTest", "DiskFileCreateTest\DiskFileCreateTest.vcxproj", "{6A8B2BCB-22E3-4247-9EE3-EE81D1503AC8}"
EndProject
Project("{8BC9CEB8-8B4A-11D0-8D11-00A0C91BC942}") = "DiskFileReadTest", "DiskFileReadTest\DiskFileReadTest.vcxproj", "{B7392672-2F99-4C2A-91C5-CB23F6186542}"
EndProject
Project("{8BC9CEB8-8B4A-11D0-8D11-00A0C91BC942}") = "DiskFileRWSTest", "DiskFileRWSTest\DiskFileRWSTest.vcxproj", "{E183336E-D44E-4182-B6B8-24E5FED72B84}"
EndProject
Project("{2150E333-8FDC-42A3-9474-1A3956D46DE8}") = "Test", "Test", "{C504AA19-79E5-4AC3-B6A9-E6116B3A721B}"
EndProject
Project("{2150E333-8FDC-42A3-9474-1A3956D46DE8}") = "DiskFile", "DiskFile", "{AA772862-6ABD-499D-80CB-5152402A6BC3}"
EndProject
Project("{2150E333-8FDC-42A3-9474-1A3956D46DE8}") = "BlockManager", "BlockManager", "{0785C90D-C422-49E5-9D24-E0780D2D22BF}"
EndProject
Project("{8BC9CEB8-8B4A-11D0-8D11-00A0C91BC942}") = "BlockManagerCreate", "BlockManagerCreate\BlockManagerCreate.vcxproj", "{3E8A9ABE-3FD1-4106-A7C7-5C7D7BCB9C19}"
EndProject
Project("{8BC9CEB8-8B4A-11D0-8D11-00A0C91BC942}") = "BlockManagerAddRemove", "BlockManagerAddRemove\BlockManagerAddRemove.vcxproj", "{832F9D8B-A45A-414A-A4D8-19B8901E7D01}"
EndProject
Project("{2150E333-8FDC-42A3-9474-1A3956D46DE8}") = "BlockFS", "BlockFS", "{D6419CB1-9F09-4162-8B48-AF8359932A46}"
EndProject
Project("{8BC9CEB8-8B4A-11D0-8D11-00A0C91BC942}") = "BlockFSCreate", "BlockFSCreate\BlockFSCreate.vcxproj", "{69703364-877D-41CE-A8BB-F588F7AA4E2B}"
EndProject
Project("{8BC9CEB8-8B4A-11D0-8D11-00A0C91BC942}") = "BlockFSAddFile", "BlockFSAddFile\BlockFSAddFile.vcxproj", "{9CD1F4AB-CA92-44C3-A064-9FA24B510211}"
EndProject
Global
	GlobalSection(SolutionConfigurationPlatforms) = preSolution
		Debug|Win32 = Debug|Win32
		Release|Win32 = Release|Win32
	EndGlobalSection
	GlobalSection(ProjectConfigurationPlatforms) = postSolution
		{92803B03-6347-45C4-9633-21172FAB6074}.Debug|Win32.ActiveCfg = Debug|Win32
		{92803B03-6347-45C4-9633-21172FAB6074}.Debug|Win32.Build.0 = Debug|Win32
		{92803B03-6347-45C4-9633-21172FAB6074}.Release|Win32.ActiveCfg = Release|Win32
		{92803B03-6347-45C4-9633-21172FAB6074}.Release|Win32.Build.0 = Release|Win32
		{6A8B2BCB-22E3-4247-9EE3-EE81D1503AC8}.Debug|Win32.ActiveCfg = Debug|Win32
		{6A8B2BCB-22E3-4247-9EE3-EE81D1503AC8}.Debug|Win32.Build.0 = Debug|Win32
		{6A8B2BCB-22E3-4247-9EE3-EE81D1503AC8}.Release|Win32.ActiveCfg = Release|Win32
		{6A8B2BCB-22E3-4247-9EE3-EE81D1503AC8}.Release|Win32.Build.0 = Release|Win32
		{B7392672-2F99-4C2A-91C5-CB23F6186542}.Debug|Win32.ActiveCfg = Debug|Win32
		{B7392672-2F99-4C2A-91C5-CB23F6186542}.Debug|Win32.Build.0 = Debug|Win32
		{B7392672-2F99-4C2A-91C5-CB23F6186542}.Release|Win32.ActiveCfg = Release|Win32
		{B7392672-2F99-4C2A-91C5-CB23F6186542}.Release|Win32.Build.0 = Release|Win32
		{E183336E-D44E-4182-B6B8-24E5FED72B84}.Debug|Win32.ActiveCfg = Debug|Win32
		{E183336E-D44E-4182-B6B8-24E5FED72B84}.Debug|Win32.Build.0 = Debug|Win32
		{E183336E-D44E-4182-B6B8-24E5FED72B84}.Release|Win32.ActiveCfg = Release|Win32
		{E183336E-D44E-4182-B6B8-24E5FED72B84}.Release|Win32.Build.0 = Release|Win32
		{3E8A9ABE-3FD1-4106-A7C7-5C7D7BCB9C19}.Debug|Win32.ActiveCfg = Debug|Win32
		{3E8A9ABE-3FD1-4106-A7C7-5C7D7BCB9C19}.Debug|Win32.Build.0 = Debug|Win32
		{3E8A9ABE-3FD1-4106-A7C7-5C7D7BCB9C19}.Release|Win32.ActiveCfg = Release|Win32
		{3E8A9ABE-3FD1-4106-A7C7-5C7D7BCB9C19}.Release|Win32.Build.0 = Release|Win32
		{832F9D8B-A45A-414A-A4D8-19B8901E7D01}.Debug|Win32.ActiveCfg = Debug|Win32
		{832F9D8B-A45A-414A-A4D8-19B8901E7D01}.Debug|Win32.Build.0 = Debug|Win32
		{832F9D8B-A45A-414A-A4D8-19B8901E7D01}.Release|Win32.ActiveCfg = Release|Win32
		{832F9D8B-A45A-414A-A4D8-19B8901E7D01}.Release|Win32.Build.0 = Release|Win32
		{69703364-877D-41CE-A8BB-F588F7AA4E2B}.Debug|Win32.ActiveCfg = Debug|Win32
		{69703364-877D-41CE-A8BB-F588F7AA4E2B}.Debug|Win32.Build.0 = Debug|Win32
		{69703364-877D-41CE-A8BB-F588F7AA4E2B}.Release|Win32.ActiveCfg = Release|Win32
		{69703364-877D-41CE-A8BB-F588F7AA4E2B}.Release|Win32.Build.0 = Release|Win32
		{9CD1F4AB-CA92-44C3-A064-9FA24B510211}.Debug|Win32.ActiveCfg = Debug|Win32
		{9CD1F4AB-CA92-44C3-A064-9FA24B510211}.Debug|Win32.Build.0 = Debug|Win32
		{9CD1F4AB-CA92-44C3-A064-9FA24B510211}.Release|Win32.ActiveCfg = Release|Win32
		{9CD1F4AB-CA92-44C3-A064-9FA24B510211}.Release|Win32.Build.0 = Release|Win32
	EndGlobalSection
	GlobalSection(SolutionProperties) = preSolution
		HideSolutionNode = FALSE
	EndGlobalSection
	GlobalSection(NestedProjects) = preSolution
		{AA772862-6ABD-499D-80CB-5152402A6BC3} = {C504AA19-79E5-4AC3-B6A9-E6116B3A721B}
		{0785C90D-C422-49E5-9D24-E0780D2D22BF} = {C504AA19-79E5-4AC3-B6A9-E6116B3A721B}
		{D6419CB1-9F09-4162-8B48-AF8359932A46} = {C504AA19-79E5-4AC3-B6A9-E6116B3A721B}
		{E183336E-D44E-4182-B6B8-24E5FED72B84} = {AA772862-6ABD-499D-80CB-5152402A6BC3}
		{6A8B2BCB-22E3-4247-9EE3-EE81D1503AC8} = {AA772862-6ABD-499D-80CB-5152402A6BC3}
		{B7392672-2F99-4C2A-91C5-CB23F6186542} = {AA772862-6ABD-499D-80CB-5152402A6BC3}
		{3E8A9ABE-3FD1-4106-A7C7-5C7D7BCB9C19} = {0785C90D-C422-49E5-9D24-E0780D2D22BF}
		{832F9D8B-A45A-414A-A4D8-19B8901E7D01} = {0785C90D-C422-49E5-9D24-E0780D2D22BF}
		{69703364-877D-41CE-A8BB-F588F7AA4E2B} = {D6419CB1-9F09-4162-8B48-AF8359932A46}
		{9CD1F4AB-CA92-44C3-A064-9FA24B510211} = {D6419CB1-9F09-4162-8B48-AF8359932A46}
	EndGlobalSection
EndGlobal
