
Microsoft Visual Studio Solution File, Format Version 12.00
# Visual Studio 2012
Project("{8BC9CEB8-8B4A-11D0-8D11-00A0C91BC942}") = "VFS", "VFS\VFS.vcxproj", "{92803B03-6347-45C4-9633-21172FAB6074}"
EndProject
Project("{8BC9CEB8-8B4A-11D0-8D11-00A0C91BC942}") = "DiskFileCreateTest", "DiskFileCreateTest\DiskFileCreateTest.vcxproj", "{6A8B2BCB-22E3-4247-9EE3-EE81D1503AC8}"
EndProject
Project("{8BC9CEB8-8B4A-11D0-8D11-00A0C91BC942}") = "DiskFileReadTest", "DiskFileReadTest\DiskFileReadTest.vcxproj", "{B7392672-2F99-4C2A-91C5-CB23F6186542}"
EndProject
Project("{8BC9CEB8-8B4A-11D0-8D11-00A0C91BC942}") = "DiskFileRWSTest", "DiskFileRWSTest\DiskFileRWSTest.vcxproj", "{E183336E-D44E-4182-B6B8-24E5FED72B84}"
EndProject
Project("{2150E333-8FDC-42A3-9474-1A3956D46DE8}") = "Test", "Test", "{C504AA19-79E5-4AC3-B6A9-E6116B3A721B}"
EndProject
Project("{2150E333-8FDC-42A3-9474-1A3956D46DE8}") = "DiskFile", "DiskFile", "{AA772862-6ABD-499D-80CB-5152402A6BC3}"
EndProject
Project("{2150E333-8FDC-42A3-9474-1A3956D46DE8}") = "BlockManager", "BlockManager", "{0785C90D-C422-49E5-9D24-E0780D2D22BF}"
EndProject
Project("{8BC9CEB8-8B4A-11D0-8D11-00A0C91BC942}") = "BlockManagerCreate", "BlockManagerCreate\BlockManagerCreate.vcxproj", "{3E8A9ABE-3FD1-4106-A7C7-5C7D7BCB9C19}"
EndProject
Project("{8BC9CEB8-8B4A-11D0-8D11-00A0C91BC942}") = "BlockManagerAddRemove", "BlockManagerAddRemove\BlockManagerAddRemove.vcxproj", "{832F9D8B-A45A-414A-A4D8-19B8901E7D01}"
EndProject
Project("{2150E333-8FDC-42A3-9474-1A3956D46DE8}") = "BlockFS", "BlockFS", "{D6419CB1-9F09-4162-8B48-AF8359932A46}"
EndProject
Project("{8BC9CEB8-8B4A-11D0-8D11-00A0C91BC942}") = "BlockFSCreate", "BlockFSCreate\BlockFSCreate.vcxproj", "{69703364-877D-41CE-A8BB-F588F7AA4E2B}"
EndProject
Project("{8BC9CEB8-8B4A-11D0-8D11-00A0C91BC942}") = "BlockFSAddFile", "BlockFSAddFile\BlockFSAddFile.vcxproj", "{9CD1F4AB-CA92-44C3-A064-9FA24B510211}"
EndProject
Project("{8BC9CEB8-8B4A-11D0-8D11-00A0C91BC942}") = "zlib", "zlib\zlib.vcxproj", "{4968BC6A-E6B1-4FD8-9A25-A3C8820F66D6}"
EndProject
Project("{8BC9CEB8-8B4A-11D0-8D11-00A0C91BC942}") = "ZlibTest", "ZlibTest\ZlibTest.vcxproj", "{0A1CC530-EE76-4F96-9AA6-B4AFD6E2339F}"
EndProject
Project("{2150E333-8FDC-42A3-9474-1A3956D46DE8}") = "Zlib", "Zlib", "{988678E0-3A66-4BE2-9E55-788BF5E50B05}"
EndProject
Project("{8BC9CEB8-8B4A-11D0-8D11-00A0C91BC942}") = "BlockFSRemove", "BlockFSRemove\BlockFSRemove.vcxproj", "{59EDD3F5-72E6-48AB-BB4E-05F66CC73603}"
EndProject
Project("{8BC9CEB8-8B4A-11D0-8D11-00A0C91BC942}") = "BlockFSPackDirectory", "BlockFSPackDirectory\BlockFSPackDirectory.vcxproj", "{486345BD-4CA8-4369-A43C-CD3BFD021E5C}"
EndProject
Project("{8BC9CEB8-8B4A-11D0-8D11-00A0C91BC942}") = "BlockFSUnpackDirectory", "BlockFSUnpackDirectory\BlockFSUnpackDirectory.vcxproj", "{5B88E7E6-2DAE-4AA9-945E-2E8F3D1744CE}"
EndProject
Project("{8BC9CEB8-8B4A-11D0-8D11-00A0C91BC942}") = "PackDirectory", "PackDirectory\PackDirectory.vcxproj", "{BA2121EC-E2C5-457D-9E8D-8581FB4D8F8F}"
EndProject
Project("{2150E333-8FDC-42A3-9474-1A3956D46DE8}") = "Md5", "Md5", "{6D7972D3-4D21-4515-A327-06122E50B337}"
EndProject
Project("{8BC9CEB8-8B4A-11D0-8D11-00A0C91BC942}") = "MD5Test", "MD5Test\MD5Test.vcxproj", "{67EF8273-DACA-4C78-B0CA-FED2E83C68E9}"
EndProject
Project("{8BC9CEB8-8B4A-11D0-8D11-00A0C91BC942}") = "HashSetGenerator", "HashSetGenerator\HashSetGenerator.vcxproj", "{209C5E6D-1AC2-4A73-9D8D-31341D0FCDCC}"
EndProject
Project("{8BC9CEB8-8B4A-11D0-8D11-00A0C91BC942}") = "Md5Utils", "Md5Utils\Md5Utils.vcxproj", "{93B5DBE2-FE92-4C6F-AE63-A1510A16A11F}"
EndProject
Global
	GlobalSection(SolutionConfigurationPlatforms) = preSolution
		Debug|Win32 = Debug|Win32
		Release|Win32 = Release|Win32
	EndGlobalSection
	GlobalSection(ProjectConfigurationPlatforms) = postSolution
		{92803B03-6347-45C4-9633-21172FAB6074}.Debug|Win32.ActiveCfg = Debug|Win32
		{92803B03-6347-45C4-9633-21172FAB6074}.Debug|Win32.Build.0 = Debug|Win32
		{92803B03-6347-45C4-9633-21172FAB6074}.Release|Win32.ActiveCfg = Release|Win32
		{92803B03-6347-45C4-9633-21172FAB6074}.Release|Win32.Build.0 = Release|Win32
		{6A8B2BCB-22E3-4247-9EE3-EE81D1503AC8}.Debug|Win32.ActiveCfg = Debug|Win32
		{6A8B2BCB-22E3-4247-9EE3-EE81D1503AC8}.Debug|Win32.Build.0 = Debug|Win32
		{6A8B2BCB-22E3-4247-9EE3-EE81D1503AC8}.Release|Win32.ActiveCfg = Release|Win32
		{6A8B2BCB-22E3-4247-9EE3-EE81D1503AC8}.Release|Win32.Build.0 = Release|Win32
		{B7392672-2F99-4C2A-91C5-CB23F6186542}.Debug|Win32.ActiveCfg = Debug|Win32
		{B7392672-2F99-4C2A-91C5-CB23F6186542}.Debug|Win32.Build.0 = Debug|Win32
		{B7392672-2F99-4C2A-91C5-CB23F6186542}.Release|Win32.ActiveCfg = Release|Win32
		{B7392672-2F99-4C2A-91C5-CB23F6186542}.Release|Win32.Build.0 = Release|Win32
		{E183336E-D44E-4182-B6B8-24E5FED72B84}.Debug|Win32.ActiveCfg = Debug|Win32
		{E183336E-D44E-4182-B6B8-24E5FED72B84}.Debug|Win32.Build.0 = Debug|Win32
		{E183336E-D44E-4182-B6B8-24E5FED72B84}.Release|Win32.ActiveCfg = Release|Win32
		{E183336E-D44E-4182-B6B8-24E5FED72B84}.Release|Win32.Build.0 = Release|Win32
		{3E8A9ABE-3FD1-4106-A7C7-5C7D7BCB9C19}.Debug|Win32.ActiveCfg = Debug|Win32
		{3E8A9ABE-3FD1-4106-A7C7-5C7D7BCB9C19}.Debug|Win32.Build.0 = Debug|Win32
		{3E8A9ABE-3FD1-4106-A7C7-5C7D7BCB9C19}.Release|Win32.ActiveCfg = Release|Win32
		{3E8A9ABE-3FD1-4106-A7C7-5C7D7BCB9C19}.Release|Win32.Build.0 = Release|Win32
		{832F9D8B-A45A-414A-A4D8-19B8901E7D01}.Debug|Win32.ActiveCfg = Debug|Win32
		{832F9D8B-A45A-414A-A4D8-19B8901E7D01}.Debug|Win32.Build.0 = Debug|Win32
		{832F9D8B-A45A-414A-A4D8-19B8901E7D01}.Release|Win32.ActiveCfg = Release|Win32
		{832F9D8B-A45A-414A-A4D8-19B8901E7D01}.Release|Win32.Build.0 = Release|Win32
		{69703364-877D-41CE-A8BB-F588F7AA4E2B}.Debug|Win32.ActiveCfg = Debug|Win32
		{69703364-877D-41CE-A8BB-F588F7AA4E2B}.Debug|Win32.Build.0 = Debug|Win32
		{69703364-877D-41CE-A8BB-F588F7AA4E2B}.Release|Win32.ActiveCfg = Release|Win32
		{69703364-877D-41CE-A8BB-F588F7AA4E2B}.Release|Win32.Build.0 = Release|Win32
		{9CD1F4AB-CA92-44C3-A064-9FA24B510211}.Debug|Win32.ActiveCfg = Debug|Win32
		{9CD1F4AB-CA92-44C3-A064-9FA24B510211}.Debug|Win32.Build.0 = Debug|Win32
		{9CD1F4AB-CA92-44C3-A064-9FA24B510211}.Release|Win32.ActiveCfg = Release|Win32
		{9CD1F4AB-CA92-44C3-A064-9FA24B510211}.Release|Win32.Build.0 = Release|Win32
		{4968BC6A-E6B1-4FD8-9A25-A3C8820F66D6}.Debug|Win32.ActiveCfg = Debug|Win32
		{4968BC6A-E6B1-4FD8-9A25-A3C8820F66D6}.Debug|Win32.Build.0 = Debug|Win32
		{4968BC6A-E6B1-4FD8-9A25-A3C8820F66D6}.Release|Win32.ActiveCfg = Release|Win32
		{4968BC6A-E6B1-4FD8-9A25-A3C8820F66D6}.Release|Win32.Build.0 = Release|Win32
		{0A1CC530-EE76-4F96-9AA6-B4AFD6E2339F}.Debug|Win32.ActiveCfg = Debug|Win32
		{0A1CC530-EE76-4F96-9AA6-B4AFD6E2339F}.Debug|Win32.Build.0 = Debug|Win32
		{0A1CC530-EE76-4F96-9AA6-B4AFD6E2339F}.Release|Win32.ActiveCfg = Release|Win32
		{0A1CC530-EE76-4F96-9AA6-B4AFD6E2339F}.Release|Win32.Build.0 = Release|Win32
		{59EDD3F5-72E6-48AB-BB4E-05F66CC73603}.Debug|Win32.ActiveCfg = Debug|Win32
		{59EDD3F5-72E6-48AB-BB4E-05F66CC73603}.Debug|Win32.Build.0 = Debug|Win32
		{59EDD3F5-72E6-48AB-BB4E-05F66CC73603}.Release|Win32.ActiveCfg = Release|Win32
		{59EDD3F5-72E6-48AB-BB4E-05F66CC73603}.Release|Win32.Build.0 = Release|Win32
		{486345BD-4CA8-4369-A43C-CD3BFD021E5C}.Debug|Win32.ActiveCfg = Debug|Win32
		{486345BD-4CA8-4369-A43C-CD3BFD021E5C}.Debug|Win32.Build.0 = Debug|Win32
		{486345BD-4CA8-4369-A43C-CD3BFD021E5C}.Release|Win32.ActiveCfg = Release|Win32
		{486345BD-4CA8-4369-A43C-CD3BFD021E5C}.Release|Win32.Build.0 = Release|Win32
		{5B88E7E6-2DAE-4AA9-945E-2E8F3D1744CE}.Debug|Win32.ActiveCfg = Debug|Win32
		{5B88E7E6-2DAE-4AA9-945E-2E8F3D1744CE}.Debug|Win32.Build.0 = Debug|Win32
		{5B88E7E6-2DAE-4AA9-945E-2E8F3D1744CE}.Release|Win32.ActiveCfg = Release|Win32
		{5B88E7E6-2DAE-4AA9-945E-2E8F3D1744CE}.Release|Win32.Build.0 = Release|Win32
		{BA2121EC-E2C5-457D-9E8D-8581FB4D8F8F}.Debug|Win32.ActiveCfg = Debug|Win32
		{BA2121EC-E2C5-457D-9E8D-8581FB4D8F8F}.Debug|Win32.Build.0 = Debug|Win32
		{BA2121EC-E2C5-457D-9E8D-8581FB4D8F8F}.Release|Win32.ActiveCfg = Release|Win32
		{BA2121EC-E2C5-457D-9E8D-8581FB4D8F8F}.Release|Win32.Build.0 = Release|Win32
		{67EF8273-DACA-4C78-B0CA-FED2E83C68E9}.Debug|Win32.ActiveCfg = Debug|Win32
		{67EF8273-DACA-4C78-B0CA-FED2E83C68E9}.Debug|Win32.Build.0 = Debug|Win32
		{67EF8273-DACA-4C78-B0CA-FED2E83C68E9}.Release|Win32.ActiveCfg = Release|Win32
		{67EF8273-DACA-4C78-B0CA-FED2E83C68E9}.Release|Win32.Build.0 = Release|Win32
		{209C5E6D-1AC2-4A73-9D8D-31341D0FCDCC}.Debug|Win32.ActiveCfg = Debug|Win32
		{209C5E6D-1AC2-4A73-9D8D-31341D0FCDCC}.Debug|Win32.Build.0 = Debug|Win32
		{209C5E6D-1AC2-4A73-9D8D-31341D0FCDCC}.Release|Win32.ActiveCfg = Release|Win32
		{209C5E6D-1AC2-4A73-9D8D-31341D0FCDCC}.Release|Win32.Build.0 = Release|Win32
		{93B5DBE2-FE92-4C6F-AE63-A1510A16A11F}.Debug|Win32.ActiveCfg = Debug|Win32
		{93B5DBE2-FE92-4C6F-AE63-A1510A16A11F}.Debug|Win32.Build.0 = Debug|Win32
		{93B5DBE2-FE92-4C6F-AE63-A1510A16A11F}.Release|Win32.ActiveCfg = Release|Win32
		{93B5DBE2-FE92-4C6F-AE63-A1510A16A11F}.Release|Win32.Build.0 = Release|Win32
	EndGlobalSection
	GlobalSection(SolutionProperties) = preSolution
		HideSolutionNode = FALSE
	EndGlobalSection
	GlobalSection(NestedProjects) = preSolution
		{AA772862-6ABD-499D-80CB-5152402A6BC3} = {C504AA19-79E5-4AC3-B6A9-E6116B3A721B}
		{0785C90D-C422-49E5-9D24-E0780D2D22BF} = {C504AA19-79E5-4AC3-B6A9-E6116B3A721B}
		{D6419CB1-9F09-4162-8B48-AF8359932A46} = {C504AA19-79E5-4AC3-B6A9-E6116B3A721B}
		{988678E0-3A66-4BE2-9E55-788BF5E50B05} = {C504AA19-79E5-4AC3-B6A9-E6116B3A721B}
		{6D7972D3-4D21-4515-A327-06122E50B337} = {C504AA19-79E5-4AC3-B6A9-E6116B3A721B}
		{E183336E-D44E-4182-B6B8-24E5FED72B84} = {AA772862-6ABD-499D-80CB-5152402A6BC3}
		{6A8B2BCB-22E3-4247-9EE3-EE81D1503AC8} = {AA772862-6ABD-499D-80CB-5152402A6BC3}
		{B7392672-2F99-4C2A-91C5-CB23F6186542} = {AA772862-6ABD-499D-80CB-5152402A6BC3}
		{3E8A9ABE-3FD1-4106-A7C7-5C7D7BCB9C19} = {0785C90D-C422-49E5-9D24-E0780D2D22BF}
		{832F9D8B-A45A-414A-A4D8-19B8901E7D01} = {0785C90D-C422-49E5-9D24-E0780D2D22BF}
		{69703364-877D-41CE-A8BB-F588F7AA4E2B} = {D6419CB1-9F09-4162-8B48-AF8359932A46}
		{9CD1F4AB-CA92-44C3-A064-9FA24B510211} = {D6419CB1-9F09-4162-8B48-AF8359932A46}
		{59EDD3F5-72E6-48AB-BB4E-05F66CC73603} = {D6419CB1-9F09-4162-8B48-AF8359932A46}
		{486345BD-4CA8-4369-A43C-CD3BFD021E5C} = {D6419CB1-9F09-4162-8B48-AF8359932A46}
		{5B88E7E6-2DAE-4AA9-945E-2E8F3D1744CE} = {D6419CB1-9F09-4162-8B48-AF8359932A46}
		{0A1CC530-EE76-4F96-9AA6-B4AFD6E2339F} = {988678E0-3A66-4BE2-9E55-788BF5E50B05}
		{67EF8273-DACA-4C78-B0CA-FED2E83C68E9} = {6D7972D3-4D21-4515-A327-06122E50B337}
	EndGlobalSection
EndGlobal
